
Microsoft Visual Studio Solution File, Format Version 12.00
# Visual Studio Version 16
VisualStudioVersion = 16.0.29926.136
MinimumVisualStudioVersion = 10.0.40219.1
Project("{FAE04EC0-301F-11D3-BF4B-00C04F79EFBC}") = "ProjetoZero", "ProjetoZero\ProjetoZero.csproj", "{0C0797C3-BCCB-46AE-BA5F-3A81C2C6E72D}"
EndProject
Global
	GlobalSection(SolutionConfigurationPlatforms) = preSolution
		Debug|Any CPU = Debug|Any CPU
		Release|Any CPU = Release|Any CPU
	EndGlobalSection
	GlobalSection(ProjectConfigurationPlatforms) = postSolution
		{0C0797C3-BCCB-46AE-BA5F-3A81C2C6E72D}.Debug|Any CPU.ActiveCfg = Debug|Any CPU
		{0C0797C3-BCCB-46AE-BA5F-3A81C2C6E72D}.Debug|Any CPU.Build.0 = Debug|Any CPU
		{0C0797C3-BCCB-46AE-BA5F-3A81C2C6E72D}.Release|Any CPU.ActiveCfg = Release|Any CPU
		{0C0797C3-BCCB-46AE-BA5F-3A81C2C6E72D}.Release|Any CPU.Build.0 = Release|Any CPU
	EndGlobalSection
	GlobalSection(SolutionProperties) = preSolution
		HideSolutionNode = FALSE
	EndGlobalSection
	GlobalSection(ExtensibilityGlobals) = postSolution
		SolutionGuid = {4643A042-075B-444F-92BE-5F19454A2E4F}
	EndGlobalSection
EndGlobal
